// !$*UTF8*$!
{
	archiveVersion = 1;
	classes = {
	};
	objectVersion = 56;
	objects = {

/* Begin PBXBuildFile section */
		9A573C282B3DE0AE00C7ABFF /* reallycoolappApp.swift in Sources */ = {isa = PBXBuildFile; fileRef = 9A573C272B3DE0AE00C7ABFF /* reallycoolappApp.swift */; };
		9A573C2A2B3DE0AE00C7ABFF /* ContentView.swift in Sources */ = {isa = PBXBuildFile; fileRef = 9A573C292B3DE0AE00C7ABFF /* ContentView.swift */; };
		9A573C2C2B3DE0B200C7ABFF /* Assets.xcassets in Resources */ = {isa = PBXBuildFile; fileRef = 9A573C2B2B3DE0B200C7ABFF /* Assets.xcassets */; };
		9A573C2F2B3DE0B200C7ABFF /* Preview Assets.xcassets in Resources */ = {isa = PBXBuildFile; fileRef = 9A573C2E2B3DE0B200C7ABFF /* Preview Assets.xcassets */; };
		9A573C392B3DE0B300C7ABFF /* reallycoolappTests.swift in Sources */ = {isa = PBXBuildFile; fileRef = 9A573C382B3DE0B300C7ABFF /* reallycoolappTests.swift */; };
		9A573C432B3DE0B300C7ABFF /* reallycoolappUITests.swift in Sources */ = {isa = PBXBuildFile; fileRef = 9A573C422B3DE0B300C7ABFF /* reallycoolappUITests.swift */; };
		9A573C452B3DE0B300C7ABFF /* reallycoolappUITestsLaunchTests.swift in Sources */ = {isa = PBXBuildFile; fileRef = 9A573C442B3DE0B300C7ABFF /* reallycoolappUITestsLaunchTests.swift */; };
/* End PBXBuildFile section */

/* Begin PBXContainerItemProxy section */
		9A573C352B3DE0B200C7ABFF /* PBXContainerItemProxy */ = {
			isa = PBXContainerItemProxy;
			containerPortal = 9A573C1C2B3DE0AE00C7ABFF /* Project object */;
			proxyType = 1;
			remoteGlobalIDString = 9A573C232B3DE0AE00C7ABFF;
			remoteInfo = reallycoolapp;
		};
		9A573C3F2B3DE0B300C7ABFF /* PBXContainerItemProxy */ = {
			isa = PBXContainerItemProxy;
			containerPortal = 9A573C1C2B3DE0AE00C7ABFF /* Project object */;
			proxyType = 1;
			remoteGlobalIDString = 9A573C232B3DE0AE00C7ABFF;
			remoteInfo = reallycoolapp;
		};
/* End PBXContainerItemProxy section */

/* Begin PBXFileReference section */
		9A573C242B3DE0AE00C7ABFF /* reallycoolapp.app */ = {isa = PBXFileReference; explicitFileType = wrapper.application; includeInIndex = 0; path = reallycoolapp.app; sourceTree = BUILT_PRODUCTS_DIR; };
		9A573C272B3DE0AE00C7ABFF /* reallycoolappApp.swift */ = {isa = PBXFileReference; lastKnownFileType = sourcecode.swift; path = reallycoolappApp.swift; sourceTree = "<group>"; };
		9A573C292B3DE0AE00C7ABFF /* ContentView.swift */ = {isa = PBXFileReference; lastKnownFileType = sourcecode.swift; path = ContentView.swift; sourceTree = "<group>"; };
		9A573C2B2B3DE0B200C7ABFF /* Assets.xcassets */ = {isa = PBXFileReference; lastKnownFileType = folder.assetcatalog; path = Assets.xcassets; sourceTree = "<group>"; };
		9A573C2E2B3DE0B200C7ABFF /* Preview Assets.xcassets */ = {isa = PBXFileReference; lastKnownFileType = folder.assetcatalog; path = "Preview Assets.xcassets"; sourceTree = "<group>"; };
		9A573C342B3DE0B200C7ABFF /* reallycoolappTests.xctest */ = {isa = PBXFileReference; explicitFileType = wrapper.cfbundle; includeInIndex = 0; path = reallycoolappTests.xctest; sourceTree = BUILT_PRODUCTS_DIR; };
		9A573C382B3DE0B300C7ABFF /* reallycoolappTests.swift */ = {isa = PBXFileReference; lastKnownFileType = sourcecode.swift; path = reallycoolappTests.swift; sourceTree = "<group>"; };
		9A573C3E2B3DE0B300C7ABFF /* reallycoolappUITests.xctest */ = {isa = PBXFileReference; explicitFileType = wrapper.cfbundle; includeInIndex = 0; path = reallycoolappUITests.xctest; sourceTree = BUILT_PRODUCTS_DIR; };
		9A573C422B3DE0B300C7ABFF /* reallycoolappUITests.swift */ = {isa = PBXFileReference; lastKnownFileType = sourcecode.swift; path = reallycoolappUITests.swift; sourceTree = "<group>"; };
		9A573C442B3DE0B300C7ABFF /* reallycoolappUITestsLaunchTests.swift */ = {isa = PBXFileReference; lastKnownFileType = sourcecode.swift; path = reallycoolappUITestsLaunchTests.swift; sourceTree = "<group>"; };
/* End PBXFileReference section */

/* Begin PBXFrameworksBuildPhase section */
		9A573C212B3DE0AE00C7ABFF /* Frameworks */ = {
			isa = PBXFrameworksBuildPhase;
			buildActionMask = 2147483647;
			files = (
			);
			runOnlyForDeploymentPostprocessing = 0;
		};
		9A573C312B3DE0B200C7ABFF /* Frameworks */ = {
			isa = PBXFrameworksBuildPhase;
			buildActionMask = 2147483647;
			files = (
			);
			runOnlyForDeploymentPostprocessing = 0;
		};
		9A573C3B2B3DE0B300C7ABFF /* Frameworks */ = {
			isa = PBXFrameworksBuildPhase;
			buildActionMask = 2147483647;
			files = (
			);
			runOnlyForDeploymentPostprocessing = 0;
		};
/* End PBXFrameworksBuildPhase section */

/* Begin PBXGroup section */
		9A573C1B2B3DE0AE00C7ABFF = {
			isa = PBXGroup;
			children = (
				9A573C262B3DE0AE00C7ABFF /* reallycoolapp */,
				9A573C372B3DE0B200C7ABFF /* reallycoolappTests */,
				9A573C412B3DE0B300C7ABFF /* reallycoolappUITests */,
				9A573C252B3DE0AE00C7ABFF /* Products */,
			);
			sourceTree = "<group>";
		};
		9A573C252B3DE0AE00C7ABFF /* Products */ = {
			isa = PBXGroup;
			children = (
				9A573C242B3DE0AE00C7ABFF /* reallycoolapp.app */,
				9A573C342B3DE0B200C7ABFF /* reallycoolappTests.xctest */,
				9A573C3E2B3DE0B300C7ABFF /* reallycoolappUITests.xctest */,
			);
			name = Products;
			sourceTree = "<group>";
		};
		9A573C262B3DE0AE00C7ABFF /* reallycoolapp */ = {
			isa = PBXGroup;
			children = (
				9A573C272B3DE0AE00C7ABFF /* reallycoolappApp.swift */,
				9A573C292B3DE0AE00C7ABFF /* ContentView.swift */,
				9A573C2B2B3DE0B200C7ABFF /* Assets.xcassets */,
				9A573C2D2B3DE0B200C7ABFF /* Preview Content */,
			);
			path = reallycoolapp;
			sourceTree = "<group>";
		};
		9A573C2D2B3DE0B200C7ABFF /* Preview Content */ = {
			isa = PBXGroup;
			children = (
				9A573C2E2B3DE0B200C7ABFF /* Preview Assets.xcassets */,
			);
			path = "Preview Content";
			sourceTree = "<group>";
		};
		9A573C372B3DE0B200C7ABFF /* reallycoolappTests */ = {
			isa = PBXGroup;
			children = (
				9A573C382B3DE0B300C7ABFF /* reallycoolappTests.swift */,
			);
			path = reallycoolappTests;
			sourceTree = "<group>";
		};
		9A573C412B3DE0B300C7ABFF /* reallycoolappUITests */ = {
			isa = PBXGroup;
			children = (
				9A573C422B3DE0B300C7ABFF /* reallycoolappUITests.swift */,
				9A573C442B3DE0B300C7ABFF /* reallycoolappUITestsLaunchTests.swift */,
			);
			path = reallycoolappUITests;
			sourceTree = "<group>";
		};
/* End PBXGroup section */

/* Begin PBXNativeTarget section */
		9A573C232B3DE0AE00C7ABFF /* reallycoolapp */ = {
			isa = PBXNativeTarget;
			buildConfigurationList = 9A573C482B3DE0B300C7ABFF /* Build configuration list for PBXNativeTarget "reallycoolapp" */;
			buildPhases = (
				9A573C202B3DE0AE00C7ABFF /* Sources */,
				9A573C212B3DE0AE00C7ABFF /* Frameworks */,
				9A573C222B3DE0AE00C7ABFF /* Resources */,
			);
			buildRules = (
			);
			dependencies = (
			);
			name = reallycoolapp;
			productName = reallycoolapp;
			productReference = 9A573C242B3DE0AE00C7ABFF /* reallycoolapp.app */;
			productType = "com.apple.product-type.application";
		};
		9A573C332B3DE0B200C7ABFF /* reallycoolappTests */ = {
			isa = PBXNativeTarget;
			buildConfigurationList = 9A573C4B2B3DE0B300C7ABFF /* Build configuration list for PBXNativeTarget "reallycoolappTests" */;
			buildPhases = (
				9A573C302B3DE0B200C7ABFF /* Sources */,
				9A573C312B3DE0B200C7ABFF /* Frameworks */,
				9A573C322B3DE0B200C7ABFF /* Resources */,
			);
			buildRules = (
			);
			dependencies = (
				9A573C362B3DE0B200C7ABFF /* PBXTargetDependency */,
			);
			name = reallycoolappTests;
			productName = reallycoolappTests;
			productReference = 9A573C342B3DE0B200C7ABFF /* reallycoolappTests.xctest */;
			productType = "com.apple.product-type.bundle.unit-test";
		};
		9A573C3D2B3DE0B300C7ABFF /* reallycoolappUITests */ = {
			isa = PBXNativeTarget;
			buildConfigurationList = 9A573C4E2B3DE0B300C7ABFF /* Build configuration list for PBXNativeTarget "reallycoolappUITests" */;
			buildPhases = (
				9A573C3A2B3DE0B300C7ABFF /* Sources */,
				9A573C3B2B3DE0B300C7ABFF /* Frameworks */,
				9A573C3C2B3DE0B300C7ABFF /* Resources */,
			);
			buildRules = (
			);
			dependencies = (
				9A573C402B3DE0B300C7ABFF /* PBXTargetDependency */,
			);
			name = reallycoolappUITests;
			productName = reallycoolappUITests;
			productReference = 9A573C3E2B3DE0B300C7ABFF /* reallycoolappUITests.xctest */;
			productType = "com.apple.product-type.bundle.ui-testing";
		};
/* End PBXNativeTarget section */

/* Begin PBXProject section */
		9A573C1C2B3DE0AE00C7ABFF /* Project object */ = {
			isa = PBXProject;
			attributes = {
				BuildIndependentTargetsInParallel = 1;
				LastSwiftUpdateCheck = 1510;
				LastUpgradeCheck = 1510;
				TargetAttributes = {
					9A573C232B3DE0AE00C7ABFF = {
						CreatedOnToolsVersion = 15.1;
					};
					9A573C332B3DE0B200C7ABFF = {
						CreatedOnToolsVersion = 15.1;
						TestTargetID = 9A573C232B3DE0AE00C7ABFF;
					};
					9A573C3D2B3DE0B300C7ABFF = {
						CreatedOnToolsVersion = 15.1;
						TestTargetID = 9A573C232B3DE0AE00C7ABFF;
					};
				};
			};
			buildConfigurationList = 9A573C1F2B3DE0AE00C7ABFF /* Build configuration list for PBXProject "reallycoolapp" */;
			compatibilityVersion = "Xcode 14.0";
			developmentRegion = en;
			hasScannedForEncodings = 0;
			knownRegions = (
				en,
				Base,
			);
			mainGroup = 9A573C1B2B3DE0AE00C7ABFF;
			productRefGroup = 9A573C252B3DE0AE00C7ABFF /* Products */;
			projectDirPath = "";
			projectRoot = "";
			targets = (
				9A573C232B3DE0AE00C7ABFF /* reallycoolapp */,
				9A573C332B3DE0B200C7ABFF /* reallycoolappTests */,
				9A573C3D2B3DE0B300C7ABFF /* reallycoolappUITests */,
			);
		};
/* End PBXProject section */

/* Begin PBXResourcesBuildPhase section */
		9A573C222B3DE0AE00C7ABFF /* Resources */ = {
			isa = PBXResourcesBuildPhase;
			buildActionMask = 2147483647;
			files = (
				9A573C2F2B3DE0B200C7ABFF /* Preview Assets.xcassets in Resources */,
				9A573C2C2B3DE0B200C7ABFF /* Assets.xcassets in Resources */,
			);
			runOnlyForDeploymentPostprocessing = 0;
		};
		9A573C322B3DE0B200C7ABFF /* Resources */ = {
			isa = PBXResourcesBuildPhase;
			buildActionMask = 2147483647;
			files = (
			);
			runOnlyForDeploymentPostprocessing = 0;
		};
		9A573C3C2B3DE0B300C7ABFF /* Resources */ = {
			isa = PBXResourcesBuildPhase;
			buildActionMask = 2147483647;
			files = (
			);
			runOnlyForDeploymentPostprocessing = 0;
		};
/* End PBXResourcesBuildPhase section */

/* Begin PBXSourcesBuildPhase section */
		9A573C202B3DE0AE00C7ABFF /* Sources */ = {
			isa = PBXSourcesBuildPhase;
			buildActionMask = 2147483647;
			files = (
				9A573C2A2B3DE0AE00C7ABFF /* ContentView.swift in Sources */,
				9A573C282B3DE0AE00C7ABFF /* reallycoolappApp.swift in Sources */,
			);
			runOnlyForDeploymentPostprocessing = 0;
		};
		9A573C302B3DE0B200C7ABFF /* Sources */ = {
			isa = PBXSourcesBuildPhase;
			buildActionMask = 2147483647;
			files = (
				9A573C392B3DE0B300C7ABFF /* reallycoolappTests.swift in Sources */,
			);
			runOnlyForDeploymentPostprocessing = 0;
		};
		9A573C3A2B3DE0B300C7ABFF /* Sources */ = {
			isa = PBXSourcesBuildPhase;
			buildActionMask = 2147483647;
			files = (
				9A573C452B3DE0B300C7ABFF /* reallycoolappUITestsLaunchTests.swift in Sources */,
				9A573C432B3DE0B300C7ABFF /* reallycoolappUITests.swift in Sources */,
			);
			runOnlyForDeploymentPostprocessing = 0;
		};
/* End PBXSourcesBuildPhase section */

/* Begin PBXTargetDependency section */
		9A573C362B3DE0B200C7ABFF /* PBXTargetDependency */ = {
			isa = PBXTargetDependency;
			target = 9A573C232B3DE0AE00C7ABFF /* reallycoolapp */;
			targetProxy = 9A573C352B3DE0B200C7ABFF /* PBXContainerItemProxy */;
		};
		9A573C402B3DE0B300C7ABFF /* PBXTargetDependency */ = {
			isa = PBXTargetDependency;
			target = 9A573C232B3DE0AE00C7ABFF /* reallycoolapp */;
			targetProxy = 9A573C3F2B3DE0B300C7ABFF /* PBXContainerItemProxy */;
		};
/* End PBXTargetDependency section */

/* Begin XCBuildConfiguration section */
		9A573C462B3DE0B300C7ABFF /* Debug */ = {
			isa = XCBuildConfiguration;
			buildSettings = {
				ALWAYS_SEARCH_USER_PATHS = NO;
				ASSETCATALOG_COMPILER_GENERATE_SWIFT_ASSET_SYMBOL_EXTENSIONS = YES;
				CLANG_ANALYZER_NONNULL = YES;
				CLANG_ANALYZER_NUMBER_OBJECT_CONVERSION = YES_AGGRESSIVE;
				CLANG_CXX_LANGUAGE_STANDARD = "gnu++20";
				CLANG_ENABLE_MODULES = YES;
				CLANG_ENABLE_OBJC_ARC = YES;
				CLANG_ENABLE_OBJC_WEAK = YES;
				CLANG_WARN_BLOCK_CAPTURE_AUTORELEASING = YES;
				CLANG_WARN_BOOL_CONVERSION = YES;
				CLANG_WARN_COMMA = YES;
				CLANG_WARN_CONSTANT_CONVERSION = YES;
				CLANG_WARN_DEPRECATED_OBJC_IMPLEMENTATIONS = YES;
				CLANG_WARN_DIRECT_OBJC_ISA_USAGE = YES_ERROR;
				CLANG_WARN_DOCUMENTATION_COMMENTS = YES;
				CLANG_WARN_EMPTY_BODY = YES;
				CLANG_WARN_ENUM_CONVERSION = YES;
				CLANG_WARN_INFINITE_RECURSION = YES;
				CLANG_WARN_INT_CONVERSION = YES;
				CLANG_WARN_NON_LITERAL_NULL_CONVERSION = YES;
				CLANG_WARN_OBJC_IMPLICIT_RETAIN_SELF = YES;
				CLANG_WARN_OBJC_LITERAL_CONVERSION = YES;
				CLANG_WARN_OBJC_ROOT_CLASS = YES_ERROR;
				CLANG_WARN_QUOTED_INCLUDE_IN_FRAMEWORK_HEADER = YES;
				CLANG_WARN_RANGE_LOOP_ANALYSIS = YES;
				CLANG_WARN_STRICT_PROTOTYPES = YES;
				CLANG_WARN_SUSPICIOUS_MOVE = YES;
				CLANG_WARN_UNGUARDED_AVAILABILITY = YES_AGGRESSIVE;
				CLANG_WARN_UNREACHABLE_CODE = YES;
				CLANG_WARN__DUPLICATE_METHOD_MATCH = YES;
				COPY_PHASE_STRIP = NO;
				DEBUG_INFORMATION_FORMAT = dwarf;
				ENABLE_STRICT_OBJC_MSGSEND = YES;
				ENABLE_TESTABILITY = YES;
				ENABLE_USER_SCRIPT_SANDBOXING = YES;
				GCC_C_LANGUAGE_STANDARD = gnu17;
				GCC_DYNAMIC_NO_PIC = NO;
				GCC_NO_COMMON_BLOCKS = YES;
				GCC_OPTIMIZATION_LEVEL = 0;
				GCC_PREPROCESSOR_DEFINITIONS = (
					"DEBUG=1",
					"$(inherited)",
				);
				GCC_WARN_64_TO_32_BIT_CONVERSION = YES;
				GCC_WARN_ABOUT_RETURN_TYPE = YES_ERROR;
				GCC_WARN_UNDECLARED_SELECTOR = YES;
				GCC_WARN_UNINITIALIZED_AUTOS = YES_AGGRESSIVE;
				GCC_WARN_UNUSED_FUNCTION = YES;
				GCC_WARN_UNUSED_VARIABLE = YES;
				IPHONEOS_DEPLOYMENT_TARGET = 17.2;
				LOCALIZATION_PREFERS_STRING_CATALOGS = YES;
				MTL_ENABLE_DEBUG_INFO = INCLUDE_SOURCE;
				MTL_FAST_MATH = YES;
				ONLY_ACTIVE_ARCH = YES;
				SDKROOT = iphoneos;
				SWIFT_ACTIVE_COMPILATION_CONDITIONS = "DEBUG $(inherited)";
				SWIFT_OPTIMIZATION_LEVEL = "-Onone";
			};
			name = Debug;
		};
		9A573C472B3DE0B300C7ABFF /* Release */ = {
			isa = XCBuildConfiguration;
			buildSettings = {
				ALWAYS_SEARCH_USER_PATHS = NO;
				ASSETCATALOG_COMPILER_GENERATE_SWIFT_ASSET_SYMBOL_EXTENSIONS = YES;
				CLANG_ANALYZER_NONNULL = YES;
				CLANG_ANALYZER_NUMBER_OBJECT_CONVERSION = YES_AGGRESSIVE;
				CLANG_CXX_LANGUAGE_STANDARD = "gnu++20";
				CLANG_ENABLE_MODULES = YES;
				CLANG_ENABLE_OBJC_ARC = YES;
				CLANG_ENABLE_OBJC_WEAK = YES;
				CLANG_WARN_BLOCK_CAPTURE_AUTORELEASING = YES;
				CLANG_WARN_BOOL_CONVERSION = YES;
				CLANG_WARN_COMMA = YES;
				CLANG_WARN_CONSTANT_CONVERSION = YES;
				CLANG_WARN_DEPRECATED_OBJC_IMPLEMENTATIONS = YES;
				CLANG_WARN_DIRECT_OBJC_ISA_USAGE = YES_ERROR;
				CLANG_WARN_DOCUMENTATION_COMMENTS = YES;
				CLANG_WARN_EMPTY_BODY = YES;
				CLANG_WARN_ENUM_CONVERSION = YES;
				CLANG_WARN_INFINITE_RECURSION = YES;
				CLANG_WARN_INT_CONVERSION = YES;
				CLANG_WARN_NON_LITERAL_NULL_CONVERSION = YES;
				CLANG_WARN_OBJC_IMPLICIT_RETAIN_SELF = YES;
				CLANG_WARN_OBJC_LITERAL_CONVERSION = YES;
				CLANG_WARN_OBJC_ROOT_CLASS = YES_ERROR;
				CLANG_WARN_QUOTED_INCLUDE_IN_FRAMEWORK_HEADER = YES;
				CLANG_WARN_RANGE_LOOP_ANALYSIS = YES;
				CLANG_WARN_STRICT_PROTOTYPES = YES;
				CLANG_WARN_SUSPICIOUS_MOVE = YES;
				CLANG_WARN_UNGUARDED_AVAILABILITY = YES_AGGRESSIVE;
				CLANG_WARN_UNREACHABLE_CODE = YES;
				CLANG_WARN__DUPLICATE_METHOD_MATCH = YES;
				COPY_PHASE_STRIP = NO;
				DEBUG_INFORMATION_FORMAT = "dwarf-with-dsym";
				ENABLE_NS_ASSERTIONS = NO;
				ENABLE_STRICT_OBJC_MSGSEND = YES;
				ENABLE_USER_SCRIPT_SANDBOXING = YES;
				GCC_C_LANGUAGE_STANDARD = gnu17;
				GCC_NO_COMMON_BLOCKS = YES;
				GCC_WARN_64_TO_32_BIT_CONVERSION = YES;
				GCC_WARN_ABOUT_RETURN_TYPE = YES_ERROR;
				GCC_WARN_UNDECLARED_SELECTOR = YES;
				GCC_WARN_UNINITIALIZED_AUTOS = YES_AGGRESSIVE;
				GCC_WARN_UNUSED_FUNCTION = YES;
				GCC_WARN_UNUSED_VARIABLE = YES;
				IPHONEOS_DEPLOYMENT_TARGET = 17.2;
				LOCALIZATION_PREFERS_STRING_CATALOGS = YES;
				MTL_ENABLE_DEBUG_INFO = NO;
				MTL_FAST_MATH = YES;
				SDKROOT = iphoneos;
				SWIFT_COMPILATION_MODE = wholemodule;
				VALIDATE_PRODUCT = YES;
			};
			name = Release;
		};
		9A573C492B3DE0B300C7ABFF /* Debug */ = {
			isa = XCBuildConfiguration;
			buildSettings = {
				ASSETCATALOG_COMPILER_APPICON_NAME = AppIcon;
				ASSETCATALOG_COMPILER_GLOBAL_ACCENT_COLOR_NAME = AccentColor;
				ASSETCATALOG_COMPILER_INCLUDE_ALL_APPICON_ASSETS = NO;
				CODE_SIGN_STYLE = Automatic;
				CURRENT_PROJECT_VERSION = 1;
				DEVELOPMENT_ASSET_PATHS = "\"reallycoolapp/Preview Content\"";
				DEVELOPMENT_TEAM = SHHWJ7TF68;
				ENABLE_PREVIEWS = YES;
				GENERATE_INFOPLIST_FILE = YES;
				INFOPLIST_KEY_CFBundleDisplayName = "Splatoon 3";
				INFOPLIST_KEY_LSApplicationCategoryType = "public.app-category.games";
				INFOPLIST_KEY_UIApplicationSceneManifest_Generation = YES;
				INFOPLIST_KEY_UIApplicationSupportsIndirectInputEvents = YES;
				INFOPLIST_KEY_UILaunchScreen_Generation = YES;
				INFOPLIST_KEY_UISupportedInterfaceOrientations_iPad = "UIInterfaceOrientationPortrait UIInterfaceOrientationPortraitUpsideDown UIInterfaceOrientationLandscapeLeft UIInterfaceOrientationLandscapeRight";
				INFOPLIST_KEY_UISupportedInterfaceOrientations_iPhone = "UIInterfaceOrientationPortrait UIInterfaceOrientationLandscapeLeft UIInterfaceOrientationLandscapeRight";
				IPHONEOS_DEPLOYMENT_TARGET = 15.0;
				LD_RUNPATH_SEARCH_PATHS = (
					"$(inherited)",
					"@executable_path/Frameworks",
				);
				MARKETING_VERSION = 1.0;
				PRODUCT_BUNDLE_IDENTIFIER = oatmeal.reallycoolapp;
				PRODUCT_NAME = "$(TARGET_NAME)";
				SWIFT_EMIT_LOC_STRINGS = YES;
				SWIFT_VERSION = 5.0;
				TARGETED_DEVICE_FAMILY = "1,2";
			};
			name = Debug;
		};
		9A573C4A2B3DE0B300C7ABFF /* Release */ = {
			isa = XCBuildConfiguration;
			buildSettings = {
				ASSETCATALOG_COMPILER_APPICON_NAME = AppIcon;
				ASSETCATALOG_COMPILER_GLOBAL_ACCENT_COLOR_NAME = AccentColor;
				ASSETCATALOG_COMPILER_INCLUDE_ALL_APPICON_ASSETS = NO;
				CODE_SIGN_STYLE = Automatic;
				CURRENT_PROJECT_VERSION = 1;
				DEVELOPMENT_ASSET_PATHS = "\"reallycoolapp/Preview Content\"";
				DEVELOPMENT_TEAM = SHHWJ7TF68;
				ENABLE_PREVIEWS = YES;
				GENERATE_INFOPLIST_FILE = YES;
				INFOPLIST_KEY_CFBundleDisplayName = "Splatoon 3";
				INFOPLIST_KEY_LSApplicationCategoryType = "public.app-category.games";
				INFOPLIST_KEY_UIApplicationSceneManifest_Generation = YES;
				INFOPLIST_KEY_UIApplicationSupportsIndirectInputEvents = YES;
				INFOPLIST_KEY_UILaunchScreen_Generation = YES;
				INFOPLIST_KEY_UISupportedInterfaceOrientations_iPad = "UIInterfaceOrientationPortrait UIInterfaceOrientationPortraitUpsideDown UIInterfaceOrientationLandscapeLeft UIInterfaceOrientationLandscapeRight";
				INFOPLIST_KEY_UISupportedInterfaceOrientations_iPhone = "UIInterfaceOrientationPortrait UIInterfaceOrientationLandscapeLeft UIInterfaceOrientationLandscapeRight";
				IPHONEOS_DEPLOYMENT_TARGET = 15.0;
				LD_RUNPATH_SEARCH_PATHS = (
					"$(inherited)",
					"@executable_path/Frameworks",
				);
				MARKETING_VERSION = 1.0;
				PRODUCT_BUNDLE_IDENTIFIER = oatmeal.reallycoolapp;
				PRODUCT_NAME = "$(TARGET_NAME)";
				SWIFT_EMIT_LOC_STRINGS = YES;
				SWIFT_VERSION = 5.0;
				TARGETED_DEVICE_FAMILY = "1,2";
			};
			name = Release;
		};
		9A573C4C2B3DE0B300C7ABFF /* Debug */ = {
			isa = XCBuildConfiguration;
			buildSettings = {
				ALWAYS_EMBED_SWIFT_STANDARD_LIBRARIES = YES;
				BUNDLE_LOADER = "$(TEST_HOST)";
				CODE_SIGN_STYLE = Automatic;
				CURRENT_PROJECT_VERSION = 1;
				DEVELOPMENT_TEAM = SHHWJ7TF68;
				GENERATE_INFOPLIST_FILE = YES;
				IPHONEOS_DEPLOYMENT_TARGET = 17.2;
				MARKETING_VERSION = 1.0;
				PRODUCT_BUNDLE_IDENTIFIER = oatmeal.reallycoolappTests;
				PRODUCT_NAME = "$(TARGET_NAME)";
				SWIFT_EMIT_LOC_STRINGS = NO;
				SWIFT_VERSION = 5.0;
				TARGETED_DEVICE_FAMILY = "1,2";
				TEST_HOST = "$(BUILT_PRODUCTS_DIR)/reallycoolapp.app/$(BUNDLE_EXECUTABLE_FOLDER_PATH)/reallycoolapp";
			};
			name = Debug;
		};
		9A573C4D2B3DE0B300C7ABFF /* Release */ = {
			isa = XCBuildConfiguration;
			buildSettings = {
				ALWAYS_EMBED_SWIFT_STANDARD_LIBRARIES = YES;
				BUNDLE_LOADER = "$(TEST_HOST)";
				CODE_SIGN_STYLE = Automatic;
				CURRENT_PROJECT_VERSION = 1;
				DEVELOPMENT_TEAM = SHHWJ7TF68;
				GENERATE_INFOPLIST_FILE = YES;
				IPHONEOS_DEPLOYMENT_TARGET = 17.2;
				MARKETING_VERSION = 1.0;
				PRODUCT_BUNDLE_IDENTIFIER = oatmeal.reallycoolappTests;
				PRODUCT_NAME = "$(TARGET_NAME)";
				SWIFT_EMIT_LOC_STRINGS = NO;
				SWIFT_VERSION = 5.0;
				TARGETED_DEVICE_FAMILY = "1,2";
				TEST_HOST = "$(BUILT_PRODUCTS_DIR)/reallycoolapp.app/$(BUNDLE_EXECUTABLE_FOLDER_PATH)/reallycoolapp";
			};
			name = Release;
		};
		9A573C4F2B3DE0B300C7ABFF /* Debug */ = {
			isa = XCBuildConfiguration;
			buildSettings = {
				ALWAYS_EMBED_SWIFT_STANDARD_LIBRARIES = YES;
				CODE_SIGN_STYLE = Automatic;
				CURRENT_PROJECT_VERSION = 1;
				DEVELOPMENT_TEAM = SHHWJ7TF68;
				GENERATE_INFOPLIST_FILE = YES;
				MARKETING_VERSION = 1.0;
				PRODUCT_BUNDLE_IDENTIFIER = oatmeal.reallycoolappUITests;
				PRODUCT_NAME = "$(TARGET_NAME)";
				SWIFT_EMIT_LOC_STRINGS = NO;
				SWIFT_VERSION = 5.0;
				TARGETED_DEVICE_FAMILY = "1,2";
				TEST_TARGET_NAME = reallycoolapp;
			};
			name = Debug;
		};
		9A573C502B3DE0B300C7ABFF /* Release */ = {
			isa = XCBuildConfiguration;
			buildSettings = {
				ALWAYS_EMBED_SWIFT_STANDARD_LIBRARIES = YES;
				CODE_SIGN_STYLE = Automatic;
				CURRENT_PROJECT_VERSION = 1;
				DEVELOPMENT_TEAM = SHHWJ7TF68;
				GENERATE_INFOPLIST_FILE = YES;
				MARKETING_VERSION = 1.0;
				PRODUCT_BUNDLE_IDENTIFIER = oatmeal.reallycoolappUITests;
				PRODUCT_NAME = "$(TARGET_NAME)";
				SWIFT_EMIT_LOC_STRINGS = NO;
				SWIFT_VERSION = 5.0;
				TARGETED_DEVICE_FAMILY = "1,2";
				TEST_TARGET_NAME = reallycoolapp;
			};
			name = Release;
		};
/* End XCBuildConfiguration section */

/* Begin XCConfigurationList section */
		9A573C1F2B3DE0AE00C7ABFF /* Build configuration list for PBXProject "reallycoolapp" */ = {
			isa = XCConfigurationList;
			buildConfigurations = (
				9A573C462B3DE0B300C7ABFF /* Debug */,
				9A573C472B3DE0B300C7ABFF /* Release */,
			);
			defaultConfigurationIsVisible = 0;
			defaultConfigurationName = Release;
		};
		9A573C482B3DE0B300C7ABFF /* Build configuration list for PBXNativeTarget "reallycoolapp" */ = {
			isa = XCConfigurationList;
			buildConfigurations = (
				9A573C492B3DE0B300C7ABFF /* Debug */,
				9A573C4A2B3DE0B300C7ABFF /* Release */,
			);
			defaultConfigurationIsVisible = 0;
			defaultConfigurationName = Release;
		};
		9A573C4B2B3DE0B300C7ABFF /* Build configuration list for PBXNativeTarget "reallycoolappTests" */ = {
			isa = XCConfigurationList;
			buildConfigurations = (
				9A573C4C2B3DE0B300C7ABFF /* Debug */,
				9A573C4D2B3DE0B300C7ABFF /* Release */,
			);
			defaultConfigurationIsVisible = 0;
			defaultConfigurationName = Release;
		};
		9A573C4E2B3DE0B300C7ABFF /* Build configuration list for PBXNativeTarget "reallycoolappUITests" */ = {
			isa = XCConfigurationList;
			buildConfigurations = (
				9A573C4F2B3DE0B300C7ABFF /* Debug */,
				9A573C502B3DE0B300C7ABFF /* Release */,
			);
			defaultConfigurationIsVisible = 0;
			defaultConfigurationName = Release;
		};
/* End XCConfigurationList section */
	};
	rootObject = 9A573C1C2B3DE0AE00C7ABFF /* Project object */;
}
